
Microsoft Visual Studio Solution File, Format Version 12.00
# Visual Studio Version 16
VisualStudioVersion = 16.0.30907.101
MinimumVisualStudioVersion = 10.0.40219.1
Project("{FAE04EC0-301F-11D3-BF4B-00C04F79EFBC}") = "TracNghiem", "TracNghiemLTK\TracNghiem.csproj", "{3DB34462-C95C-4E07-A61B-B8A431075E37}"
EndProject
Project("{FAE04EC0-301F-11D3-BF4B-00C04F79EFBC}") = "Data", "DataLTK\Data.csproj", "{E89E1C64-5911-403B-9D81-D4B2822CCFC4}"
EndProject
Global
	GlobalSection(SolutionConfigurationPlatforms) = preSolution
		Debug|Any CPU = Debug|Any CPU
		Release|Any CPU = Release|Any CPU
	EndGlobalSection
	GlobalSection(ProjectConfigurationPlatforms) = postSolution
		{3DB34462-C95C-4E07-A61B-B8A431075E37}.Debug|Any CPU.ActiveCfg = Debug|Any CPU
		{3DB34462-C95C-4E07-A61B-B8A431075E37}.Debug|Any CPU.Build.0 = Debug|Any CPU
		{3DB34462-C95C-4E07-A61B-B8A431075E37}.Release|Any CPU.ActiveCfg = Release|Any CPU
		{3DB34462-C95C-4E07-A61B-B8A431075E37}.Release|Any CPU.Build.0 = Release|Any CPU
		{E89E1C64-5911-403B-9D81-D4B2822CCFC4}.Debug|Any CPU.ActiveCfg = Debug|Any CPU
		{E89E1C64-5911-403B-9D81-D4B2822CCFC4}.Debug|Any CPU.Build.0 = Debug|Any CPU
		{E89E1C64-5911-403B-9D81-D4B2822CCFC4}.Release|Any CPU.ActiveCfg = Release|Any CPU
		{E89E1C64-5911-403B-9D81-D4B2822CCFC4}.Release|Any CPU.Build.0 = Release|Any CPU
	EndGlobalSection
	GlobalSection(SolutionProperties) = preSolution
		HideSolutionNode = FALSE
	EndGlobalSection
	GlobalSection(ExtensibilityGlobals) = postSolution
		SolutionGuid = {12ED8D37-EF90-44C1-B980-FEB679A4D013}
	EndGlobalSection
EndGlobal
